
Microsoft Visual Studio Solution File, Format Version 12.00
# Visual Studio Express 15 for Windows Desktop
VisualStudioVersion = 15.0.27703.2047
MinimumVisualStudioVersion = 10.0.40219.1
Project("{FAE04EC0-301F-11D3-BF4B-00C04F79EFBC}") = "Taxi Booking", "Taxi Booking\Taxi Booking.csproj", "{0E080E2F-BDF6-4D7C-B24D-A0FBDDC92E89}"
EndProject
Global
	GlobalSection(SolutionConfigurationPlatforms) = preSolution
		Debug|Any CPU = Debug|Any CPU
		Release|Any CPU = Release|Any CPU
	EndGlobalSection
	GlobalSection(ProjectConfigurationPlatforms) = postSolution
		{0E080E2F-BDF6-4D7C-B24D-A0FBDDC92E89}.Debug|Any CPU.ActiveCfg = Debug|Any CPU
		{0E080E2F-BDF6-4D7C-B24D-A0FBDDC92E89}.Debug|Any CPU.Build.0 = Debug|Any CPU
		{0E080E2F-BDF6-4D7C-B24D-A0FBDDC92E89}.Release|Any CPU.ActiveCfg = Release|Any CPU
		{0E080E2F-BDF6-4D7C-B24D-A0FBDDC92E89}.Release|Any CPU.Build.0 = Release|Any CPU
	EndGlobalSection
	GlobalSection(SolutionProperties) = preSolution
		HideSolutionNode = FALSE
	EndGlobalSection
	GlobalSection(ExtensibilityGlobals) = postSolution
		SolutionGuid = {086952FD-AC55-42A7-A562-6027FA4C7B2F}
	EndGlobalSection
EndGlobal
